
Microsoft Visual Studio Solution File, Format Version 12.00
# Visual Studio Version 16
VisualStudioVersion = 16.0.31321.278
MinimumVisualStudioVersion = 10.0.40219.1
Project("{9A19103F-16F7-4668-BE54-9A1E7A4F7556}") = "NET5ClassLibraryInterface", "NET5ClassLibraryInterface\NET5ClassLibraryInterface.csproj", "{DDAF46F7-1ABB-4F07-BCE7-F65BC18783C4}"
EndProject
Project("{FAE04EC0-301F-11D3-BF4B-00C04F79EFBC}") = "NET5ClassLibraryImplementation", "NET5ClassLibraryImplementation\NET5ClassLibraryImplementation.csproj", "{F60351C5-D697-4AC0-9A45-9D12BDE575B8}"
EndProject
Project("{FAE04EC0-301F-11D3-BF4B-00C04F79EFBC}") = "NET5ClassLibraryTest", "NET5ClassLibraryTest\NET5ClassLibraryTest.csproj", "{E8EE9750-455E-4D2B-93B9-D2E924D737DA}"
EndProject
Project("{8BC9CEB8-8B4A-11D0-8D11-00A0C91BC942}") = "NET5ClassLibraryInterop", "NET5ClassLibraryInterop\NET5ClassLibraryInterop.vcxproj", "{59FF23A9-9239-49BE-84DA-CD92DE2A424F}"
EndProject
Project("{8BC9CEB8-8B4A-11D0-8D11-00A0C91BC942}") = "NET5ClassLibraryInteropTest", "NET5ClassLibraryInteropTest\NET5ClassLibraryInteropTest.vcxproj", "{9739EDA6-8A77-467A-9880-F08EC1DC2A65}"
EndProject
Global
	GlobalSection(SolutionConfigurationPlatforms) = preSolution
		Debug|Any CPU = Debug|Any CPU
		Debug|x64 = Debug|x64
		Debug|x86 = Debug|x86
		Release|Any CPU = Release|Any CPU
		Release|x64 = Release|x64
		Release|x86 = Release|x86
	EndGlobalSection
	GlobalSection(ProjectConfigurationPlatforms) = postSolution
		{DDAF46F7-1ABB-4F07-BCE7-F65BC18783C4}.Debug|Any CPU.ActiveCfg = Debug|Any CPU
		{DDAF46F7-1ABB-4F07-BCE7-F65BC18783C4}.Debug|Any CPU.Build.0 = Debug|Any CPU
		{DDAF46F7-1ABB-4F07-BCE7-F65BC18783C4}.Debug|x64.ActiveCfg = Debug|Any CPU
		{DDAF46F7-1ABB-4F07-BCE7-F65BC18783C4}.Debug|x64.Build.0 = Debug|Any CPU
		{DDAF46F7-1ABB-4F07-BCE7-F65BC18783C4}.Debug|x86.ActiveCfg = Debug|Any CPU
		{DDAF46F7-1ABB-4F07-BCE7-F65BC18783C4}.Debug|x86.Build.0 = Debug|Any CPU
		{DDAF46F7-1ABB-4F07-BCE7-F65BC18783C4}.Release|Any CPU.ActiveCfg = Release|Any CPU
		{DDAF46F7-1ABB-4F07-BCE7-F65BC18783C4}.Release|Any CPU.Build.0 = Release|Any CPU
		{DDAF46F7-1ABB-4F07-BCE7-F65BC18783C4}.Release|x64.ActiveCfg = Release|Any CPU
		{DDAF46F7-1ABB-4F07-BCE7-F65BC18783C4}.Release|x64.Build.0 = Release|Any CPU
		{DDAF46F7-1ABB-4F07-BCE7-F65BC18783C4}.Release|x86.ActiveCfg = Release|Any CPU
		{DDAF46F7-1ABB-4F07-BCE7-F65BC18783C4}.Release|x86.Build.0 = Release|Any CPU
		{F60351C5-D697-4AC0-9A45-9D12BDE575B8}.Debug|Any CPU.ActiveCfg = Debug|Any CPU
		{F60351C5-D697-4AC0-9A45-9D12BDE575B8}.Debug|Any CPU.Build.0 = Debug|Any CPU
		{F60351C5-D697-4AC0-9A45-9D12BDE575B8}.Debug|x64.ActiveCfg = Debug|Any CPU
		{F60351C5-D697-4AC0-9A45-9D12BDE575B8}.Debug|x64.Build.0 = Debug|Any CPU
		{F60351C5-D697-4AC0-9A45-9D12BDE575B8}.Debug|x86.ActiveCfg = Debug|Any CPU
		{F60351C5-D697-4AC0-9A45-9D12BDE575B8}.Debug|x86.Build.0 = Debug|Any CPU
		{F60351C5-D697-4AC0-9A45-9D12BDE575B8}.Release|Any CPU.ActiveCfg = Release|Any CPU
		{F60351C5-D697-4AC0-9A45-9D12BDE575B8}.Release|Any CPU.Build.0 = Release|Any CPU
		{F60351C5-D697-4AC0-9A45-9D12BDE575B8}.Release|x64.ActiveCfg = Release|Any CPU
		{F60351C5-D697-4AC0-9A45-9D12BDE575B8}.Release|x64.Build.0 = Release|Any CPU
		{F60351C5-D697-4AC0-9A45-9D12BDE575B8}.Release|x86.ActiveCfg = Release|Any CPU
		{F60351C5-D697-4AC0-9A45-9D12BDE575B8}.Release|x86.Build.0 = Release|Any CPU
		{E8EE9750-455E-4D2B-93B9-D2E924D737DA}.Debug|Any CPU.ActiveCfg = Debug|Any CPU
		{E8EE9750-455E-4D2B-93B9-D2E924D737DA}.Debug|Any CPU.Build.0 = Debug|Any CPU
		{E8EE9750-455E-4D2B-93B9-D2E924D737DA}.Debug|x64.ActiveCfg = Debug|Any CPU
		{E8EE9750-455E-4D2B-93B9-D2E924D737DA}.Debug|x64.Build.0 = Debug|Any CPU
		{E8EE9750-455E-4D2B-93B9-D2E924D737DA}.Debug|x86.ActiveCfg = Debug|Any CPU
		{E8EE9750-455E-4D2B-93B9-D2E924D737DA}.Debug|x86.Build.0 = Debug|Any CPU
		{E8EE9750-455E-4D2B-93B9-D2E924D737DA}.Release|Any CPU.ActiveCfg = Release|Any CPU
		{E8EE9750-455E-4D2B-93B9-D2E924D737DA}.Release|Any CPU.Build.0 = Release|Any CPU
		{E8EE9750-455E-4D2B-93B9-D2E924D737DA}.Release|x64.ActiveCfg = Release|Any CPU
		{E8EE9750-455E-4D2B-93B9-D2E924D737DA}.Release|x64.Build.0 = Release|Any CPU
		{E8EE9750-455E-4D2B-93B9-D2E924D737DA}.Release|x86.ActiveCfg = Release|Any CPU
		{E8EE9750-455E-4D2B-93B9-D2E924D737DA}.Release|x86.Build.0 = Release|Any CPU
		{59FF23A9-9239-49BE-84DA-CD92DE2A424F}.Debug|Any CPU.ActiveCfg = Debug|Win32
		{59FF23A9-9239-49BE-84DA-CD92DE2A424F}.Debug|Any CPU.Build.0 = Debug|Win32
		{59FF23A9-9239-49BE-84DA-CD92DE2A424F}.Debug|x64.ActiveCfg = Debug|x64
		{59FF23A9-9239-49BE-84DA-CD92DE2A424F}.Debug|x64.Build.0 = Debug|x64
		{59FF23A9-9239-49BE-84DA-CD92DE2A424F}.Debug|x86.ActiveCfg = Debug|Win32
		{59FF23A9-9239-49BE-84DA-CD92DE2A424F}.Debug|x86.Build.0 = Debug|Win32
		{59FF23A9-9239-49BE-84DA-CD92DE2A424F}.Release|Any CPU.ActiveCfg = Release|Win32
		{59FF23A9-9239-49BE-84DA-CD92DE2A424F}.Release|x64.ActiveCfg = Release|x64
		{59FF23A9-9239-49BE-84DA-CD92DE2A424F}.Release|x64.Build.0 = Release|x64
		{59FF23A9-9239-49BE-84DA-CD92DE2A424F}.Release|x86.ActiveCfg = Release|Win32
		{59FF23A9-9239-49BE-84DA-CD92DE2A424F}.Release|x86.Build.0 = Release|Win32
		{9739EDA6-8A77-467A-9880-F08EC1DC2A65}.Debug|Any CPU.ActiveCfg = Debug|Win32
		{9739EDA6-8A77-467A-9880-F08EC1DC2A65}.Debug|Any CPU.Build.0 = Debug|Win32
		{9739EDA6-8A77-467A-9880-F08EC1DC2A65}.Debug|x64.ActiveCfg = Debug|x64
		{9739EDA6-8A77-467A-9880-F08EC1DC2A65}.Debug|x64.Build.0 = Debug|x64
		{9739EDA6-8A77-467A-9880-F08EC1DC2A65}.Debug|x86.ActiveCfg = Debug|Win32
		{9739EDA6-8A77-467A-9880-F08EC1DC2A65}.Debug|x86.Build.0 = Debug|Win32
		{9739EDA6-8A77-467A-9880-F08EC1DC2A65}.Release|Any CPU.ActiveCfg = Release|Win32
		{9739EDA6-8A77-467A-9880-F08EC1DC2A65}.Release|x64.ActiveCfg = Release|x64
		{9739EDA6-8A77-467A-9880-F08EC1DC2A65}.Release|x64.Build.0 = Release|x64
		{9739EDA6-8A77-467A-9880-F08EC1DC2A65}.Release|x86.ActiveCfg = Release|Win32
		{9739EDA6-8A77-467A-9880-F08EC1DC2A65}.Release|x86.Build.0 = Release|Win32
	EndGlobalSection
	GlobalSection(SolutionProperties) = preSolution
		HideSolutionNode = FALSE
	EndGlobalSection
	GlobalSection(ExtensibilityGlobals) = postSolution
		SolutionGuid = {2DA7D91A-A94A-4CC0-9C2E-09086C5EF5B5}
	EndGlobalSection
EndGlobal
